
Microsoft Visual Studio Solution File, Format Version 12.00
# Visual Studio 14
VisualStudioVersion = 14.0.23107.0
MinimumVisualStudioVersion = 10.0.40219.1
Project("{FAE04EC0-301F-11D3-BF4B-00C04F79EFBC}") = "sbLiteRasp", "sbLiteRasp\sbLiteRasp.csproj", "{35D70BC5-F4D9-46FF-BF29-910F3D29DCD9}"
EndProject
Project("{FAE04EC0-301F-11D3-BF4B-00C04F79EFBC}") = "IoTClient", "IoTClient\IoTClient.csproj", "{508046F6-68B4-40C8-ACDE-6D34EF0B571A}"
EndProject
Project("{FAE04EC0-301F-11D3-BF4B-00C04F79EFBC}") = "Pi2EventHubProcessor", "Pi2EventHubProcessor\Pi2EventHubProcessor.csproj", "{BA05F924-F6B6-42C7-8F07-66E3FD47BA3B}"
EndProject
Global
	GlobalSection(SolutionConfigurationPlatforms) = preSolution
		Debug|Any CPU = Debug|Any CPU
		Debug|ARM = Debug|ARM
		Debug|x64 = Debug|x64
		Debug|x86 = Debug|x86
		Release|Any CPU = Release|Any CPU
		Release|ARM = Release|ARM
		Release|x64 = Release|x64
		Release|x86 = Release|x86
	EndGlobalSection
	GlobalSection(ProjectConfigurationPlatforms) = postSolution
		{35D70BC5-F4D9-46FF-BF29-910F3D29DCD9}.Debug|Any CPU.ActiveCfg = Debug|x86
		{35D70BC5-F4D9-46FF-BF29-910F3D29DCD9}.Debug|ARM.ActiveCfg = Debug|ARM
		{35D70BC5-F4D9-46FF-BF29-910F3D29DCD9}.Debug|ARM.Build.0 = Debug|ARM
		{35D70BC5-F4D9-46FF-BF29-910F3D29DCD9}.Debug|ARM.Deploy.0 = Debug|ARM
		{35D70BC5-F4D9-46FF-BF29-910F3D29DCD9}.Debug|x64.ActiveCfg = Debug|x64
		{35D70BC5-F4D9-46FF-BF29-910F3D29DCD9}.Debug|x64.Build.0 = Debug|x64
		{35D70BC5-F4D9-46FF-BF29-910F3D29DCD9}.Debug|x64.Deploy.0 = Debug|x64
		{35D70BC5-F4D9-46FF-BF29-910F3D29DCD9}.Debug|x86.ActiveCfg = Debug|x86
		{35D70BC5-F4D9-46FF-BF29-910F3D29DCD9}.Debug|x86.Build.0 = Debug|x86
		{35D70BC5-F4D9-46FF-BF29-910F3D29DCD9}.Debug|x86.Deploy.0 = Debug|x86
		{35D70BC5-F4D9-46FF-BF29-910F3D29DCD9}.Release|Any CPU.ActiveCfg = Release|x86
		{35D70BC5-F4D9-46FF-BF29-910F3D29DCD9}.Release|ARM.ActiveCfg = Release|ARM
		{35D70BC5-F4D9-46FF-BF29-910F3D29DCD9}.Release|ARM.Build.0 = Release|ARM
		{35D70BC5-F4D9-46FF-BF29-910F3D29DCD9}.Release|ARM.Deploy.0 = Release|ARM
		{35D70BC5-F4D9-46FF-BF29-910F3D29DCD9}.Release|x64.ActiveCfg = Release|x64
		{35D70BC5-F4D9-46FF-BF29-910F3D29DCD9}.Release|x64.Build.0 = Release|x64
		{35D70BC5-F4D9-46FF-BF29-910F3D29DCD9}.Release|x64.Deploy.0 = Release|x64
		{35D70BC5-F4D9-46FF-BF29-910F3D29DCD9}.Release|x86.ActiveCfg = Release|x86
		{35D70BC5-F4D9-46FF-BF29-910F3D29DCD9}.Release|x86.Build.0 = Release|x86
		{35D70BC5-F4D9-46FF-BF29-910F3D29DCD9}.Release|x86.Deploy.0 = Release|x86
		{508046F6-68B4-40C8-ACDE-6D34EF0B571A}.Debug|Any CPU.ActiveCfg = Debug|Any CPU
		{508046F6-68B4-40C8-ACDE-6D34EF0B571A}.Debug|Any CPU.Build.0 = Debug|Any CPU
		{508046F6-68B4-40C8-ACDE-6D34EF0B571A}.Debug|ARM.ActiveCfg = Debug|ARM
		{508046F6-68B4-40C8-ACDE-6D34EF0B571A}.Debug|ARM.Build.0 = Debug|ARM
		{508046F6-68B4-40C8-ACDE-6D34EF0B571A}.Debug|x64.ActiveCfg = Debug|x64
		{508046F6-68B4-40C8-ACDE-6D34EF0B571A}.Debug|x64.Build.0 = Debug|x64
		{508046F6-68B4-40C8-ACDE-6D34EF0B571A}.Debug|x86.ActiveCfg = Debug|x86
		{508046F6-68B4-40C8-ACDE-6D34EF0B571A}.Debug|x86.Build.0 = Debug|x86
		{508046F6-68B4-40C8-ACDE-6D34EF0B571A}.Release|Any CPU.ActiveCfg = Release|Any CPU
		{508046F6-68B4-40C8-ACDE-6D34EF0B571A}.Release|Any CPU.Build.0 = Release|Any CPU
		{508046F6-68B4-40C8-ACDE-6D34EF0B571A}.Release|ARM.ActiveCfg = Release|ARM
		{508046F6-68B4-40C8-ACDE-6D34EF0B571A}.Release|ARM.Build.0 = Release|ARM
		{508046F6-68B4-40C8-ACDE-6D34EF0B571A}.Release|x64.ActiveCfg = Release|x64
		{508046F6-68B4-40C8-ACDE-6D34EF0B571A}.Release|x64.Build.0 = Release|x64
		{508046F6-68B4-40C8-ACDE-6D34EF0B571A}.Release|x86.ActiveCfg = Release|x86
		{508046F6-68B4-40C8-ACDE-6D34EF0B571A}.Release|x86.Build.0 = Release|x86
		{BA05F924-F6B6-42C7-8F07-66E3FD47BA3B}.Debug|Any CPU.ActiveCfg = Debug|Any CPU
		{BA05F924-F6B6-42C7-8F07-66E3FD47BA3B}.Debug|Any CPU.Build.0 = Debug|Any CPU
		{BA05F924-F6B6-42C7-8F07-66E3FD47BA3B}.Debug|ARM.ActiveCfg = Debug|Any CPU
		{BA05F924-F6B6-42C7-8F07-66E3FD47BA3B}.Debug|ARM.Build.0 = Debug|Any CPU
		{BA05F924-F6B6-42C7-8F07-66E3FD47BA3B}.Debug|x64.ActiveCfg = Debug|Any CPU
		{BA05F924-F6B6-42C7-8F07-66E3FD47BA3B}.Debug|x64.Build.0 = Debug|Any CPU
		{BA05F924-F6B6-42C7-8F07-66E3FD47BA3B}.Debug|x86.ActiveCfg = Debug|Any CPU
		{BA05F924-F6B6-42C7-8F07-66E3FD47BA3B}.Debug|x86.Build.0 = Debug|Any CPU
		{BA05F924-F6B6-42C7-8F07-66E3FD47BA3B}.Release|Any CPU.ActiveCfg = Release|Any CPU
		{BA05F924-F6B6-42C7-8F07-66E3FD47BA3B}.Release|Any CPU.Build.0 = Release|Any CPU
		{BA05F924-F6B6-42C7-8F07-66E3FD47BA3B}.Release|ARM.ActiveCfg = Release|Any CPU
		{BA05F924-F6B6-42C7-8F07-66E3FD47BA3B}.Release|ARM.Build.0 = Release|Any CPU
		{BA05F924-F6B6-42C7-8F07-66E3FD47BA3B}.Release|x64.ActiveCfg = Release|Any CPU
		{BA05F924-F6B6-42C7-8F07-66E3FD47BA3B}.Release|x64.Build.0 = Release|Any CPU
		{BA05F924-F6B6-42C7-8F07-66E3FD47BA3B}.Release|x86.ActiveCfg = Release|Any CPU
		{BA05F924-F6B6-42C7-8F07-66E3FD47BA3B}.Release|x86.Build.0 = Release|Any CPU
	EndGlobalSection
	GlobalSection(SolutionProperties) = preSolution
		HideSolutionNode = FALSE
	EndGlobalSection
EndGlobal
